// !$*UTF8*$!
{
	archiveVersion = 1;
	classes = {
	};
	objectVersion = 50;
	objects = {

/* Begin PBXBuildFile section */
		EE5773FB21DAFE9800D09686 /* AppDelegate.swift in Sources */ = {isa = PBXBuildFile; fileRef = EE5773FA21DAFE9800D09686 /* AppDelegate.swift */; };
		EE5773FD21DAFE9800D09686 /* SceneDelegate.swift in Sources */ = {isa = PBXBuildFile; fileRef = EE5773FC21DAFE9800D09686 /* SceneDelegate.swift */; };
		EE57740221DAFE9800D09686 /* Main.storyboard in Resources */ = {isa = PBXBuildFile; fileRef = EE57740021DAFE9800D09686 /* Main.storyboard */; };
		EE57740421DAFEB100D09686 /* Assets.xcassets in Resources */ = {isa = PBXBuildFile; fileRef = EE57740321DAFEB100D09686 /* Assets.xcassets */; };
		EE57740721DAFEB100D09686 /* LaunchScreen.storyboard in Resources */ = {isa = PBXBuildFile; fileRef = EE57740521DAFEB100D09686 /* LaunchScreen.storyboard */; };
		EE57740F21DAFEE600D09686 /* ContactsController.swift in Sources */ = {isa = PBXBuildFile; fileRef = EE57740E21DAFEE600D09686 /* ContactsController.swift */; };
		EE57741121DAFFB100D09686 /* AddContactController.swift in Sources */ = {isa = PBXBuildFile; fileRef = EE57741021DAFFB100D09686 /* AddContactController.swift */; };
/* End PBXBuildFile section */

/* Begin PBXFileReference section */
		EE5773F721DAFE9700D09686 /* ContactsTutorial.app */ = {isa = PBXFileReference; explicitFileType = wrapper.application; includeInIndex = 0; path = ContactsTutorial.app; sourceTree = BUILT_PRODUCTS_DIR; };
		EE5773FA21DAFE9800D09686 /* AppDelegate.swift */ = {isa = PBXFileReference; lastKnownFileType = sourcecode.swift; path = AppDelegate.swift; sourceTree = "<group>"; };
		EE5773FC21DAFE9800D09686 /* SceneDelegate.swift */ = {isa = PBXFileReference; lastKnownFileType = sourcecode.swift; path = SceneDelegate.swift; sourceTree = "<group>"; };
		EE57740121DAFE9800D09686 /* Base */ = {isa = PBXFileReference; lastKnownFileType = file.storyboard; name = Base; path = Base.lproj/Main.storyboard; sourceTree = "<group>"; };
		EE57740321DAFEB100D09686 /* Assets.xcassets */ = {isa = PBXFileReference; lastKnownFileType = folder.assetcatalog; path = Assets.xcassets; sourceTree = "<group>"; };
		EE57740621DAFEB100D09686 /* Base */ = {isa = PBXFileReference; lastKnownFileType = file.storyboard; name = Base; path = Base.lproj/LaunchScreen.storyboard; sourceTree = "<group>"; };
		EE57740821DAFEB100D09686 /* Info.plist */ = {isa = PBXFileReference; lastKnownFileType = text.plist.xml; path = Info.plist; sourceTree = "<group>"; };
		EE57740E21DAFEE600D09686 /* ContactsController.swift */ = {isa = PBXFileReference; lastKnownFileType = sourcecode.swift; path = ContactsController.swift; sourceTree = "<group>"; };
		EE57741021DAFFB100D09686 /* AddContactController.swift */ = {isa = PBXFileReference; lastKnownFileType = sourcecode.swift; path = AddContactController.swift; sourceTree = "<group>"; };
/* End PBXFileReference section */

/* Begin PBXFrameworksBuildPhase section */
		EE5773F421DAFE9700D09686 /* Frameworks */ = {
			isa = PBXFrameworksBuildPhase;
			buildActionMask = 2147483647;
			files = (
			);
			runOnlyForDeploymentPostprocessing = 0;
		};
/* End PBXFrameworksBuildPhase section */

/* Begin PBXGroup section */
		EE5773EE21DAFE9700D09686 = {
			isa = PBXGroup;
			children = (
				EE5773F921DAFE9700D09686 /* ContactsTutorial */,
				EE5773F821DAFE9700D09686 /* Products */,
			);
			sourceTree = "<group>";
		};
		EE5773F821DAFE9700D09686 /* Products */ = {
			isa = PBXGroup;
			children = (
				EE5773F721DAFE9700D09686 /* ContactsTutorial.app */,
			);
			name = Products;
			sourceTree = "<group>";
		};
		EE5773F921DAFE9700D09686 /* ContactsTutorial */ = {
			isa = PBXGroup;
			children = (
				EE5773FA21DAFE9800D09686 /* AppDelegate.swift */,
				EE5773FC21DAFE9800D09686 /* SceneDelegate.swift */,
				EE57740E21DAFEE600D09686 /* ContactsController.swift */,
				EE57740021DAFE9800D09686 /* Main.storyboard */,
				EE57740321DAFEB100D09686 /* Assets.xcassets */,
				EE57740521DAFEB100D09686 /* LaunchScreen.storyboard */,
				EE57740821DAFEB100D09686 /* Info.plist */,
				EE57741021DAFFB100D09686 /* AddContactController.swift */,
			);
			path = ContactsTutorial;
			sourceTree = "<group>";
		};
/* End PBXGroup section */

/* Begin PBXNativeTarget section */
		EE5773F621DAFE9700D09686 /* ContactsTutorial */ = {
			isa = PBXNativeTarget;
			buildConfigurationList = EE57740B21DAFEB100D09686 /* Build configuration list for PBXNativeTarget "ContactsTutorial" */;
			buildPhases = (
				EE5773F321DAFE9700D09686 /* Sources */,
				EE5773F421DAFE9700D09686 /* Frameworks */,
				EE5773F521DAFE9700D09686 /* Resources */,
			);
			buildRules = (
			);
			dependencies = (
			);
			name = ContactsTutorial;
			productName = ContactsTutorial;
			productReference = EE5773F721DAFE9700D09686 /* ContactsTutorial.app */;
			productType = "com.apple.product-type.application";
		};
/* End PBXNativeTarget section */

/* Begin PBXProject section */
		EE5773EF21DAFE9700D09686 /* Project object */ = {
			isa = PBXProject;
			attributes = {
				LastSwiftUpdateCheck = 1110;
				LastUpgradeCheck = 1110;
				ORGANIZATIONNAME = RTS;
				TargetAttributes = {
					EE5773F621DAFE9700D09686 = {
						CreatedOnToolsVersion = 11.1;
					};
				};
			};
			buildConfigurationList = EE5773F221DAFE9700D09686 /* Build configuration list for PBXProject "ContactsTutorial" */;
			compatibilityVersion = "Xcode 9.3";
			developmentRegion = en;
			hasScannedForEncodings = 0;
			knownRegions = (
				en,
				Base,
			);
			mainGroup = EE5773EE21DAFE9700D09686;
			productRefGroup = EE5773F821DAFE9700D09686 /* Products */;
			projectDirPath = "";
			projectRoot = "";
			targets = (
				EE5773F621DAFE9700D09686 /* ContactsTutorial */,
			);
		};
/* End PBXProject section */

/* Begin PBXResourcesBuildPhase section */
		EE5773F521DAFE9700D09686 /* Resources */ = {
			isa = PBXResourcesBuildPhase;
			buildActionMask = 2147483647;
			files = (
				EE57740721DAFEB100D09686 /* LaunchScreen.storyboard in Resources */,
				EE57740421DAFEB100D09686 /* Assets.xcassets in Resources */,
				EE57740221DAFE9800D09686 /* Main.storyboard in Resources */,
			);
			runOnlyForDeploymentPostprocessing = 0;
		};
/* End PBXResourcesBuildPhase section */

/* Begin PBXSourcesBuildPhase section */
		EE5773F321DAFE9700D09686 /* Sources */ = {
			isa = PBXSourcesBuildPhase;
			buildActionMask = 2147483647;
			files = (
				EE5773FB21DAFE9800D09686 /* AppDelegate.swift in Sources */,
				EE57740F21DAFEE600D09686 /* ContactsController.swift in Sources */,
				EE57741121DAFFB100D09686 /* AddContactController.swift in Sources */,
				EE5773FD21DAFE9800D09686 /* SceneDelegate.swift in Sources */,
			);
			runOnlyForDeploymentPostprocessing = 0;
		};
/* End PBXSourcesBuildPhase section */

/* Begin PBXVariantGroup section */
		EE57740021DAFE9800D09686 /* Main.storyboard */ = {
			isa = PBXVariantGroup;
			children = (
				EE57740121DAFE9800D09686 /* Base */,
			);
			name = Main.storyboard;
			sourceTree = "<group>";
		};
		EE57740521DAFEB100D09686 /* LaunchScreen.storyboard */ = {
			isa = PBXVariantGroup;
			children = (
				EE57740621DAFEB100D09686 /* Base */,
			);
			name = LaunchScreen.storyboard;
			sourceTree = "<group>";
		};
/* End PBXVariantGroup section */

/* Begin XCBuildConfiguration section */
		EE57740921DAFEB100D09686 /* Debug */ = {
			isa = XCBuildConfiguration;
			buildSettings = {
				ALWAYS_SEARCH_USER_PATHS = NO;
				CLANG_ANALYZER_NONNULL = YES;
				CLANG_ANALYZER_NUMBER_OBJECT_CONVERSION = YES_AGGRESSIVE;
				CLANG_CXX_LANGUAGE_STANDARD = "gnu++14";
				CLANG_CXX_LIBRARY = "libc++";
				CLANG_ENABLE_MODULES = YES;
				CLANG_ENABLE_OBJC_ARC = YES;
				CLANG_ENABLE_OBJC_WEAK = YES;
				CLANG_WARN_BLOCK_CAPTURE_AUTORELEASING = YES;
				CLANG_WARN_BOOL_CONVERSION = YES;
				CLANG_WARN_COMMA = YES;
				CLANG_WARN_CONSTANT_CONVERSION = YES;
				CLANG_WARN_DEPRECATED_OBJC_IMPLEMENTATIONS = YES;
				CLANG_WARN_DIRECT_OBJC_ISA_USAGE = YES_ERROR;
				CLANG_WARN_DOCUMENTATION_COMMENTS = YES;
				CLANG_WARN_EMPTY_BODY = YES;
				CLANG_WARN_ENUM_CONVERSION = YES;
				CLANG_WARN_INFINITE_RECURSION = YES;
				CLANG_WARN_INT_CONVERSION = YES;
				CLANG_WARN_NON_LITERAL_NULL_CONVERSION = YES;
				CLANG_WARN_OBJC_IMPLICIT_RETAIN_SELF = YES;
				CLANG_WARN_OBJC_LITERAL_CONVERSION = YES;
				CLANG_WARN_OBJC_ROOT_CLASS = YES_ERROR;
				CLANG_WARN_RANGE_LOOP_ANALYSIS = YES;
				CLANG_WARN_STRICT_PROTOTYPES = YES;
				CLANG_WARN_SUSPICIOUS_MOVE = YES;
				CLANG_WARN_UNGUARDED_AVAILABILITY = YES_AGGRESSIVE;
				CLANG_WARN_UNREACHABLE_CODE = YES;
				CLANG_WARN__DUPLICATE_METHOD_MATCH = YES;
				COPY_PHASE_STRIP = NO;
				DEBUG_INFORMATION_FORMAT = dwarf;
				ENABLE_STRICT_OBJC_MSGSEND = YES;
				ENABLE_TESTABILITY = YES;
				GCC_C_LANGUAGE_STANDARD = gnu11;
				GCC_DYNAMIC_NO_PIC = NO;
				GCC_NO_COMMON_BLOCKS = YES;
				GCC_OPTIMIZATION_LEVEL = 0;
				GCC_PREPROCESSOR_DEFINITIONS = (
					"DEBUG=1",
					"$(inherited)",
				);
				GCC_WARN_64_TO_32_BIT_CONVERSION = YES;
				GCC_WARN_ABOUT_RETURN_TYPE = YES_ERROR;
				GCC_WARN_UNDECLARED_SELECTOR = YES;
				GCC_WARN_UNINITIALIZED_AUTOS = YES_AGGRESSIVE;
				GCC_WARN_UNUSED_FUNCTION = YES;
				GCC_WARN_UNUSED_VARIABLE = YES;
				IPHONEOS_DEPLOYMENT_TARGET = 13.1;
				MTL_ENABLE_DEBUG_INFO = INCLUDE_SOURCE;
				MTL_FAST_MATH = YES;
				ONLY_ACTIVE_ARCH = YES;
				SDKROOT = iphoneos;
				SWIFT_ACTIVE_COMPILATION_CONDITIONS = DEBUG;
				SWIFT_OPTIMIZATION_LEVEL = "-Onone";
			};
			name = Debug;
		};
		EE57740A21DAFEB100D09686 /* Release */ = {
			isa = XCBuildConfiguration;
			buildSettings = {
				ALWAYS_SEARCH_USER_PATHS = NO;
				CLANG_ANALYZER_NONNULL = YES;
				CLANG_ANALYZER_NUMBER_OBJECT_CONVERSION = YES_AGGRESSIVE;
				CLANG_CXX_LANGUAGE_STANDARD = "gnu++14";
				CLANG_CXX_LIBRARY = "libc++";
				CLANG_ENABLE_MODULES = YES;
				CLANG_ENABLE_OBJC_ARC = YES;
				CLANG_ENABLE_OBJC_WEAK = YES;
				CLANG_WARN_BLOCK_CAPTURE_AUTORELEASING = YES;
				CLANG_WARN_BOOL_CONVERSION = YES;
				CLANG_WARN_COMMA = YES;
				CLANG_WARN_CONSTANT_CONVERSION = YES;
				CLANG_WARN_DEPRECATED_OBJC_IMPLEMENTATIONS = YES;
				CLANG_WARN_DIRECT_OBJC_ISA_USAGE = YES_ERROR;
				CLANG_WARN_DOCUMENTATION_COMMENTS = YES;
				CLANG_WARN_EMPTY_BODY = YES;
				CLANG_WARN_ENUM_CONVERSION = YES;
				CLANG_WARN_INFINITE_RECURSION = YES;
				CLANG_WARN_INT_CONVERSION = YES;
				CLANG_WARN_NON_LITERAL_NULL_CONVERSION = YES;
				CLANG_WARN_OBJC_IMPLICIT_RETAIN_SELF = YES;
				CLANG_WARN_OBJC_LITERAL_CONVERSION = YES;
				CLANG_WARN_OBJC_ROOT_CLASS = YES_ERROR;
				CLANG_WARN_RANGE_LOOP_ANALYSIS = YES;
				CLANG_WARN_STRICT_PROTOTYPES = YES;
				CLANG_WARN_SUSPICIOUS_MOVE = YES;
				CLANG_WARN_UNGUARDED_AVAILABILITY = YES_AGGRESSIVE;
				CLANG_WARN_UNREACHABLE_CODE = YES;
				CLANG_WARN__DUPLICATE_METHOD_MATCH = YES;
				COPY_PHASE_STRIP = NO;
				DEBUG_INFORMATION_FORMAT = "dwarf-with-dsym";
				ENABLE_NS_ASSERTIONS = NO;
				ENABLE_STRICT_OBJC_MSGSEND = YES;
				GCC_C_LANGUAGE_STANDARD = gnu11;
				GCC_NO_COMMON_BLOCKS = YES;
				GCC_WARN_64_TO_32_BIT_CONVERSION = YES;
				GCC_WARN_ABOUT_RETURN_TYPE = YES_ERROR;
				GCC_WARN_UNDECLARED_SELECTOR = YES;
				GCC_WARN_UNINITIALIZED_AUTOS = YES_AGGRESSIVE;
				GCC_WARN_UNUSED_FUNCTION = YES;
				GCC_WARN_UNUSED_VARIABLE = YES;
				IPHONEOS_DEPLOYMENT_TARGET = 13.1;
				MTL_ENABLE_DEBUG_INFO = NO;
				MTL_FAST_MATH = YES;
				SDKROOT = iphoneos;
				SWIFT_COMPILATION_MODE = wholemodule;
				SWIFT_OPTIMIZATION_LEVEL = "-O";
				VALIDATE_PRODUCT = YES;
			};
			name = Release;
		};
		EE57740C21DAFEB100D09686 /* Debug */ = {
			isa = XCBuildConfiguration;
			buildSettings = {
				ASSETCATALOG_COMPILER_APPICON_NAME = AppIcon;
				CODE_SIGN_STYLE = Automatic;
				DEVELOPMENT_TEAM = DJ8VTMBZRG;
				INFOPLIST_FILE = ContactsTutorial/Info.plist;
				LD_RUNPATH_SEARCH_PATHS = (
					"$(inherited)",
					"@executable_path/Frameworks",
				);
				PRODUCT_BUNDLE_IDENTIFIER = ContactsTutorial.ContactsTutorial;
				PRODUCT_NAME = "$(TARGET_NAME)";
				SWIFT_VERSION = 5.0;
				TARGETED_DEVICE_FAMILY = "1,2";
			};
			name = Debug;
		};
		EE57740D21DAFEB100D09686 /* Release */ = {
			isa = XCBuildConfiguration;
			buildSettings = {
				ASSETCATALOG_COMPILER_APPICON_NAME = AppIcon;
				CODE_SIGN_STYLE = Automatic;
				DEVELOPMENT_TEAM = DJ8VTMBZRG;
				INFOPLIST_FILE = ContactsTutorial/Info.plist;
				LD_RUNPATH_SEARCH_PATHS = (
					"$(inherited)",
					"@executable_path/Frameworks",
				);
				PRODUCT_BUNDLE_IDENTIFIER = ContactsTutorial.ContactsTutorial;
				PRODUCT_NAME = "$(TARGET_NAME)";
				SWIFT_VERSION = 5.0;
				TARGETED_DEVICE_FAMILY = "1,2";
			};
			name = Release;
		};
/* End XCBuildConfiguration section */

/* Begin XCConfigurationList section */
		EE5773F221DAFE9700D09686 /* Build configuration list for PBXProject "ContactsTutorial" */ = {
			isa = XCConfigurationList;
			buildConfigurations = (
				EE57740921DAFEB100D09686 /* Debug */,
				EE57740A21DAFEB100D09686 /* Release */,
			);
			defaultConfigurationIsVisible = 0;
			defaultConfigurationName = Release;
		};
		EE57740B21DAFEB100D09686 /* Build configuration list for PBXNativeTarget "ContactsTutorial" */ = {
			isa = XCConfigurationList;
			buildConfigurations = (
				EE57740C21DAFEB100D09686 /* Debug */,
				EE57740D21DAFEB100D09686 /* Release */,
			);
			defaultConfigurationIsVisible = 0;
			defaultConfigurationName = Release;
		};
/* End XCConfigurationList section */
	};
	rootObject = EE5773EF21DAFE9700D09686 /* Project object */;
}
